{
  "lockfile_version": "1",
  "packages": {
    "bun@latest": {
      "last_modified": "2025-12-19T06:18:24Z",
      "resolved": "github:NixOS/nixpkgs/7d853e518814cca2a657b72eeba67ae20ebf7059#bun",
      "source": "devbox-search",
      "version": "1.3.5",
      "systems": {
        "aarch64-darwin": {
          "outputs": [
            {
              "name": "out",
              "path": "/nix/store/y8i9bg0dmbcr8xl7z2qr3q469p8zpy92-bun-1.3.5",
              "default": true
            }
          ],
          "store_path": "/nix/store/y8i9bg0dmbcr8xl7z2qr3q469p8zpy92-bun-1.3.5"
        },
        "aarch64-linux": {
          "outputs": [
            {
              "name": "out",
              "path": "/nix/store/19r2z9d6g2sk2axi14g3hfjbcd0r6sa7-bun-1.3.5",
              "default": true
            }
          ],
          "store_path": "/nix/store/19r2z9d6g2sk2axi14g3hfjbcd0r6sa7-bun-1.3.5"
        },
        "x86_64-darwin": {
          "outputs": [
            {
              "name": "out",
              "path": "/nix/store/0500h67pqlc7vxq0nbxgmfqsxammm39h-bun-1.3.5",
              "default": true
            }
          ],
          "store_path": "/nix/store/0500h67pqlc7vxq0nbxgmfqsxammm39h-bun-1.3.5"
        },
        "x86_64-linux": {
          "outputs": [
            {
              "name": "out",
              "path": "/nix/store/jw2mdc7mmp5zdgl9xrzidnnci5dx40ci-bun-1.3.5",
              "default": true
            }
          ],
          "store_path": "/nix/store/jw2mdc7mmp5zdgl9xrzidnnci5dx40ci-bun-1.3.5"
        }
      }
    },
    "github:NixOS/nixpkgs/nixpkgs-unstable": {
      "last_modified": "2025-12-26T11:10:58Z",
      "resolved": "github:NixOS/nixpkgs/c633f572eded8c4f3c75b8010129854ed404a6ce?lastModified=1766747458&narHash=sha256-m63jjuo%2Fygo8ztkCziYh5OOIbTSXUDkKbqw3Vuqu4a4%3D"
    }
  }
}
