# THIS IS AN AUTOGENERATED FILE. DO NOT EDIT THIS FILE DIRECTLY.
# yarn lockfile v1


umt@^1.0.10:
  version "1.0.10"
  resolved "https://registry.yarnpkg.com/umt/-/umt-1.0.10.tgz#1112eb8bd2a2e269d4168c14da539ade1d50eda9"
  integrity sha512-skx2XaBa1MIfS0y7fMlpcehtTUQABoLA0VOVh4zg5B+kke3K2bXih9/0y3fri3aiewEG3WFdcOviFdZW//vw0Q==
